<Solution>
  <Folder Name="/CandidateManagementUnitTests/">
    <Project Path="CandidateService.Tests/CandidateService.Tests.csproj" />
    <Project Path="InterviewsService.Tests/InterviewsService.Tests.csproj" Id="a03577ef-66c1-4251-8b8c-feda36d662da" />
    <Project Path="RequirementService.Tests/RequirementService.Tests.csproj" Id="1c2c6bd2-ba0a-4e36-a0b7-92967010a891" />
  </Folder>
  <Project Path="../CandidateManagement/CandidateService/CandidateService.csproj" />
  <Project Path="../CandidateManagement/InterviewService/InterviewService.csproj" />
  <Project Path="../CandidateManagement/ReportService/ReportService.csproj" />
  <Project Path="../CandidateManagement/RequirementService/RequirementService.csproj" />
  <Project Path="../GatewayAPI/GatewayAPI.csproj" />
  <Project Path="CandidateManagementAspire.ApiService/CandidateManagementAspire.ApiService.csproj" />
  <Project Path="CandidateManagementAspire.AppHost/CandidateManagementAspire.AppHost.csproj" />
  <Project Path="CandidateManagementAspire.ServiceDefaults/CandidateManagementAspire.ServiceDefaults.csproj" />
  <Project Path="CandidateManagementAspire.Web/CandidateManagementAspire.Web.csproj" />
</Solution>
